
Microsoft Visual Studio Solution File, Format Version 12.00
# Visual Studio 15
VisualStudioVersion = 15.0.28307.421
MinimumVisualStudioVersion = 10.0.40219.1
Project("{FAE04EC0-301F-11D3-BF4B-00C04F79EFBC}") = "BasesdeDatosSql", "BasesdeDatosSql\BasesdeDatosSql.csproj", "{3D852510-24C4-4685-8E5F-4BC0288FDC1B}"
EndProject
Global
	GlobalSection(SolutionConfigurationPlatforms) = preSolution
		Debug|Any CPU = Debug|Any CPU
		Release|Any CPU = Release|Any CPU
	EndGlobalSection
	GlobalSection(ProjectConfigurationPlatforms) = postSolution
		{3D852510-24C4-4685-8E5F-4BC0288FDC1B}.Debug|Any CPU.ActiveCfg = Debug|Any CPU
		{3D852510-24C4-4685-8E5F-4BC0288FDC1B}.Debug|Any CPU.Build.0 = Debug|Any CPU
		{3D852510-24C4-4685-8E5F-4BC0288FDC1B}.Release|Any CPU.ActiveCfg = Release|Any CPU
		{3D852510-24C4-4685-8E5F-4BC0288FDC1B}.Release|Any CPU.Build.0 = Release|Any CPU
	EndGlobalSection
	GlobalSection(SolutionProperties) = preSolution
		HideSolutionNode = FALSE
	EndGlobalSection
	GlobalSection(ExtensibilityGlobals) = postSolution
		SolutionGuid = {36CF66E7-5941-4DEB-B728-1C261AC5F605}
	EndGlobalSection
EndGlobal
